# This file is autogenerated, do not edit; changes may be undone by the next 'dep ensure'.


[[projects]]
  name = "github.com/Microsoft/go-winio"
  packages = ["."]
  revision = "7da180ee92d8bd8bb8c37fc560e673e6557c392f"
  version = "v0.4.7"

[[projects]]
  name = "github.com/Sirupsen/logrus"
  packages = ["."]
  revision = "c155da19408a8799da419ed3eeb0cb5db0ad5dbc"
  version = "v1.0.5"

[[projects]]
  branch = "master"
  name = "github.com/ceph/go-ceph"
  packages = ["rados","rbd"]
  revision = "bd5bc6d4cb3e3d3441f2ec4e9f89899178edfc71"

[[projects]]
  name = "github.com/coreos/go-systemd"
  packages = ["activation"]
  revision = "40e2722dffead74698ca12a750f64ef313ddce05"
  version = "v16"

[[projects]]
  name = "github.com/docker/go-connections"
  packages = ["sockets"]
  revision = "7395e3f8aa162843a74ed6d48e79627d9792ac55"

[[projects]]
  branch = "master"
  name = "github.com/docker/go-plugins-helpers"
  packages = ["sdk","volume"]
  revision = "61cb8e2334204460162c8bd2417cd43cb71da66f"

[[projects]]
  branch = "master"
  name = "golang.org/x/crypto"
  packages = ["ssh/terminal"]
  revision = "88942b9c40a4c9d203b82b3731787b672d6e809b"

[[projects]]
  branch = "master"
  name = "golang.org/x/net"
  packages = ["proxy"]
  revision = "6078986fec03a1dcc236c34816c71b0e05018fda"

[[projects]]
  branch = "master"
  name = "golang.org/x/sys"
  packages = ["unix","windows"]
  revision = "91ee8cde435411ca3f1cd365e8f20131aed4d0a1"

[solve-meta]
  analyzer-name = "dep"
  analyzer-version = 1
  inputs-digest = "9117dbd9aa5cf354e76ed15b8edbc2a04afe30f7da123f643688d7f87bc5528b"
  solver-name = "gps-cdcl"
  solver-version = 1
