# This file is autogenerated, do not edit; changes may be undone by the next 'dep ensure'.


[[projects]]
  name = "github.com/Microsoft/go-winio"
  packages = ["."]
  revision = "f533f7a102197536779ea3a8cb881d639e21ec5a"
  version = "v0.4.2"

[[projects]]
  name = "github.com/Sirupsen/logrus"
  packages = ["."]
  revision = "202f25545ea4cf9b191ff7f846df5d87c9382c2b"
  version = "v1.0.0"

[[projects]]
  branch = "master"
  name = "github.com/ceph/go-ceph"
  packages = ["rados","rbd"]
  revision = "25b1a318b3872325bccb2cd2afad001c11b9bf4f"

[[projects]]
  name = "github.com/coreos/go-systemd"
  packages = ["activation"]
  revision = "48702e0da86bd25e76cfef347e2adeb434a0d0a6"
  version = "v14"

[[projects]]
  name = "github.com/docker/go-connections"
  packages = ["sockets"]
  revision = "3ede32e2033de7505e6500d6c868c2b9ed9f169d"

[[projects]]
  branch = "master"
  name = "github.com/docker/go-plugins-helpers"
  packages = ["sdk","volume"]
  revision = "abb3e589c0322ddc019c2ec5f587ea0df2024869"

[[projects]]
  name = "github.com/hashicorp/consul"
  packages = ["api"]
  revision = "2c7715154d8d4568524b76d2d4deb7ca6fd1b285"
  version = "v0.8.5"

[[projects]]
  branch = "master"
  name = "github.com/hashicorp/go-cleanhttp"
  packages = ["."]
  revision = "3573b8b52aa7b37b9358d966a898feb387f62437"

[[projects]]
  branch = "master"
  name = "github.com/hashicorp/go-rootcerts"
  packages = ["."]
  revision = "6bb64b370b90e7ef1fa532be9e591a81c3493e00"

[[projects]]
  name = "github.com/hashicorp/serf"
  packages = ["coordinate"]
  revision = "d6574a5bb1226678d7010325fb6c985db20ee458"
  version = "v0.8.1"

[[projects]]
  branch = "master"
  name = "github.com/mitchellh/go-homedir"
  packages = ["."]
  revision = "b8bc1bf767474819792c23f32d8286a45736f1c6"

[[projects]]
  branch = "master"
  name = "golang.org/x/net"
  packages = ["proxy"]
  revision = "054b33e6527139ad5b1ec2f6232c3b175bd9a30c"

[[projects]]
  branch = "master"
  name = "golang.org/x/sys"
  packages = ["unix","windows"]
  revision = "739734461d1c916b6c72a63d7efda2b27edb369f"

[solve-meta]
  analyzer-name = "dep"
  analyzer-version = 1
  inputs-digest = "876bfc4aaa845069cf2276a19b931c7210ed1e005a67b9ec13c90334487b1f30"
  solver-name = "gps-cdcl"
  solver-version = 1
